
Microsoft Visual Studio Solution File, Format Version 12.00
# Visual Studio Version 17
VisualStudioVersion = 17.7.34018.315
MinimumVisualStudioVersion = 10.0.40219.1
Project("{9A19103F-16F7-4668-BE54-9A1E7A4F7556}") = "internRegistration", "internRegistration\internRegistration.csproj", "{55BB7FC1-852E-42C0-A16B-676322056BDB}"
EndProject
Global
	GlobalSection(SolutionConfigurationPlatforms) = preSolution
		Debug|Any CPU = Debug|Any CPU
		Release|Any CPU = Release|Any CPU
	EndGlobalSection
	GlobalSection(ProjectConfigurationPlatforms) = postSolution
		{55BB7FC1-852E-42C0-A16B-676322056BDB}.Debug|Any CPU.ActiveCfg = Debug|Any CPU
		{55BB7FC1-852E-42C0-A16B-676322056BDB}.Debug|Any CPU.Build.0 = Debug|Any CPU
		{55BB7FC1-852E-42C0-A16B-676322056BDB}.Release|Any CPU.ActiveCfg = Release|Any CPU
		{55BB7FC1-852E-42C0-A16B-676322056BDB}.Release|Any CPU.Build.0 = Release|Any CPU
	EndGlobalSection
	GlobalSection(SolutionProperties) = preSolution
		HideSolutionNode = FALSE
	EndGlobalSection
	GlobalSection(ExtensibilityGlobals) = postSolution
		SolutionGuid = {578983DB-C954-472D-98F5-A7FAF6A735D0}
	EndGlobalSection
EndGlobal
